{
    "_readme": [
        "This file locks the dependencies of your project to a known state",
        "Read more about it at https://getcomposer.org/doc/01-basic-usage.md#installing-dependencies",
        "This file is @generated automatically"
    ],
    "content-hash": "48f029de933ac65d1b18101bddae4b6d",
    "packages": [],
    "packages-dev": [],
    "aliases": [],
    "minimum-stability": "stable",
    "stability-flags": [],
    "prefer-stable": false,
    "prefer-lowest": false,
    "platform": {
        "php": "~7.2",
        "ext-dom": "*",
        "ext-libxml": "*"
    },
    "platform-dev": {
        "ext-simplexml": "*",
        "ext-xmlreader": "*",
        "ext-xmlwriter": "*"
    },
    "plugin-api-version": "2.0.0"
}
